
Microsoft Visual Studio Solution File, Format Version 12.00
# Visual Studio 2012
Project("{FAE04EC0-301F-11D3-BF4B-00C04F79EFBC}") = "SharpEventLog", "SharpEventLog\SharpEventLog.csproj", "{4CA05D5C-AF6B-4F45-81E0-788BAA8D11A2}"
EndProject
Global
	GlobalSection(SolutionConfigurationPlatforms) = preSolution
		Debug|Any CPU = Debug|Any CPU
		Release|Any CPU = Release|Any CPU
	EndGlobalSection
	GlobalSection(ProjectConfigurationPlatforms) = postSolution
		{4CA05D5C-AF6B-4F45-81E0-788BAA8D11A2}.Debug|Any CPU.ActiveCfg = Debug|Any CPU
		{4CA05D5C-AF6B-4F45-81E0-788BAA8D11A2}.Debug|Any CPU.Build.0 = Debug|Any CPU
		{4CA05D5C-AF6B-4F45-81E0-788BAA8D11A2}.Release|Any CPU.ActiveCfg = Release|Any CPU
		{4CA05D5C-AF6B-4F45-81E0-788BAA8D11A2}.Release|Any CPU.Build.0 = Release|Any CPU
	EndGlobalSection
	GlobalSection(SolutionProperties) = preSolution
		HideSolutionNode = FALSE
	EndGlobalSection
EndGlobal
